// !$*UTF8*$!
{
	archiveVersion = 1;
	classes = {
	};
	objectVersion = 46;
	objects = {

/* Begin PBXBuildFile section */
		6D5FC14E93201FFC6B91D0B3 /* libPods-ZFFlowLayout.a in Frameworks */ = {isa = PBXBuildFile; fileRef = 0451120660EB054CE8EB32B9 /* libPods-ZFFlowLayout.a */; };
		9119B5071ED3121300604082 /* LayoutAttributeTools.m in Sources */ = {isa = PBXBuildFile; fileRef = 9119B4F91ED3121300604082 /* LayoutAttributeTools.m */; };
		9119B5091ED3121300604082 /* LeftAlignedFlowLayout.m in Sources */ = {isa = PBXBuildFile; fileRef = 9119B5001ED3121300604082 /* LeftAlignedFlowLayout.m */; };
		9119B50A1ED3121300604082 /* Attribute.m in Sources */ = {isa = PBXBuildFile; fileRef = 9119B5031ED3121300604082 /* Attribute.m */; };
		9119B50B1ED3121300604082 /* RightAlignedFlowLayout.m in Sources */ = {isa = PBXBuildFile; fileRef = 9119B5061ED3121300604082 /* RightAlignedFlowLayout.m */; };
		9119B50E1ED3127500604082 /* ZFFlowLayout.m in Sources */ = {isa = PBXBuildFile; fileRef = 9119B50D1ED3127500604082 /* ZFFlowLayout.m */; };
		919646481CE4B8EC00E770C8 /* main.m in Sources */ = {isa = PBXBuildFile; fileRef = 919646471CE4B8EC00E770C8 /* main.m */; };
		9196464B1CE4B8EC00E770C8 /* AppDelegate.m in Sources */ = {isa = PBXBuildFile; fileRef = 9196464A1CE4B8EC00E770C8 /* AppDelegate.m */; };
		919646531CE4B8EC00E770C8 /* Assets.xcassets in Resources */ = {isa = PBXBuildFile; fileRef = 919646521CE4B8EC00E770C8 /* Assets.xcassets */; };
		919646561CE4B8EC00E770C8 /* LaunchScreen.storyboard in Resources */ = {isa = PBXBuildFile; fileRef = 919646541CE4B8EC00E770C8 /* LaunchScreen.storyboard */; };
		919646611CE4B8EC00E770C8 /* ZFFlowLayoutTests.m in Sources */ = {isa = PBXBuildFile; fileRef = 919646601CE4B8EC00E770C8 /* ZFFlowLayoutTests.m */; };
		DC2606951ED0A1A100451E75 /* ZFFlowLayoutVC.m in Sources */ = {isa = PBXBuildFile; fileRef = DC2606941ED0A1A100451E75 /* ZFFlowLayoutVC.m */; };
		DC66A3471ECC9046009669DB /* MainViewController.m in Sources */ = {isa = PBXBuildFile; fileRef = DC66A3451ECC9046009669DB /* MainViewController.m */; };
		DC66A3481ECC9046009669DB /* MainViewController.xib in Resources */ = {isa = PBXBuildFile; fileRef = DC66A3461ECC9046009669DB /* MainViewController.xib */; };
/* End PBXBuildFile section */

/* Begin PBXContainerItemProxy section */
		9196465D1CE4B8EC00E770C8 /* PBXContainerItemProxy */ = {
			isa = PBXContainerItemProxy;
			containerPortal = 9196463B1CE4B8EC00E770C8 /* Project object */;
			proxyType = 1;
			remoteGlobalIDString = 919646421CE4B8EC00E770C8;
			remoteInfo = ZFFlowLayout;
		};
/* End PBXContainerItemProxy section */

/* Begin PBXFileReference section */
		0451120660EB054CE8EB32B9 /* libPods-ZFFlowLayout.a */ = {isa = PBXFileReference; explicitFileType = archive.ar; includeInIndex = 0; path = "libPods-ZFFlowLayout.a"; sourceTree = BUILT_PRODUCTS_DIR; };
		2EA7802F04522083DF0ECA45 /* Pods-ZFFlowLayout.debug.xcconfig */ = {isa = PBXFileReference; includeInIndex = 1; lastKnownFileType = text.xcconfig; name = "Pods-ZFFlowLayout.debug.xcconfig"; path = "Pods/Target Support Files/Pods-ZFFlowLayout/Pods-ZFFlowLayout.debug.xcconfig"; sourceTree = "<group>"; };
		4B75E28175CA473D9B875D19 /* Pods-ZFFlowLayout.release.xcconfig */ = {isa = PBXFileReference; includeInIndex = 1; lastKnownFileType = text.xcconfig; name = "Pods-ZFFlowLayout.release.xcconfig"; path = "Pods/Target Support Files/Pods-ZFFlowLayout/Pods-ZFFlowLayout.release.xcconfig"; sourceTree = "<group>"; };
		9119B4F81ED3121300604082 /* LayoutAttributeTools.h */ = {isa = PBXFileReference; fileEncoding = 4; lastKnownFileType = sourcecode.c.h; path = LayoutAttributeTools.h; sourceTree = "<group>"; };
		9119B4F91ED3121300604082 /* LayoutAttributeTools.m */ = {isa = PBXFileReference; fileEncoding = 4; lastKnownFileType = sourcecode.c.objc; path = LayoutAttributeTools.m; sourceTree = "<group>"; };
		9119B4FC1ED3121300604082 /* ZFFlowLayoutMacro.h */ = {isa = PBXFileReference; fileEncoding = 4; lastKnownFileType = sourcecode.c.h; path = ZFFlowLayoutMacro.h; sourceTree = "<group>"; };
		9119B4FD1ED3121300604082 /* ZFFlowLayoutProtocol.h */ = {isa = PBXFileReference; fileEncoding = 4; lastKnownFileType = sourcecode.c.h; path = ZFFlowLayoutProtocol.h; sourceTree = "<group>"; };
		9119B4FF1ED3121300604082 /* LeftAlignedFlowLayout.h */ = {isa = PBXFileReference; fileEncoding = 4; lastKnownFileType = sourcecode.c.h; path = LeftAlignedFlowLayout.h; sourceTree = "<group>"; };
		9119B5001ED3121300604082 /* LeftAlignedFlowLayout.m */ = {isa = PBXFileReference; fileEncoding = 4; lastKnownFileType = sourcecode.c.objc; path = LeftAlignedFlowLayout.m; sourceTree = "<group>"; };
		9119B5021ED3121300604082 /* Attribute.h */ = {isa = PBXFileReference; fileEncoding = 4; lastKnownFileType = sourcecode.c.h; path = Attribute.h; sourceTree = "<group>"; };
		9119B5031ED3121300604082 /* Attribute.m */ = {isa = PBXFileReference; fileEncoding = 4; lastKnownFileType = sourcecode.c.objc; path = Attribute.m; sourceTree = "<group>"; };
		9119B5051ED3121300604082 /* RightAlignedFlowLayout.h */ = {isa = PBXFileReference; fileEncoding = 4; lastKnownFileType = sourcecode.c.h; path = RightAlignedFlowLayout.h; sourceTree = "<group>"; };
		9119B5061ED3121300604082 /* RightAlignedFlowLayout.m */ = {isa = PBXFileReference; fileEncoding = 4; lastKnownFileType = sourcecode.c.objc; path = RightAlignedFlowLayout.m; sourceTree = "<group>"; };
		9119B50C1ED3127500604082 /* ZFFlowLayout.h */ = {isa = PBXFileReference; fileEncoding = 4; lastKnownFileType = sourcecode.c.h; path = ZFFlowLayout.h; sourceTree = "<group>"; };
		9119B50D1ED3127500604082 /* ZFFlowLayout.m */ = {isa = PBXFileReference; fileEncoding = 4; lastKnownFileType = sourcecode.c.objc; path = ZFFlowLayout.m; sourceTree = "<group>"; };
		919646431CE4B8EC00E770C8 /* ZFFlowLayout.app */ = {isa = PBXFileReference; explicitFileType = wrapper.application; includeInIndex = 0; path = ZFFlowLayout.app; sourceTree = BUILT_PRODUCTS_DIR; };
		919646471CE4B8EC00E770C8 /* main.m */ = {isa = PBXFileReference; lastKnownFileType = sourcecode.c.objc; path = main.m; sourceTree = "<group>"; };
		919646491CE4B8EC00E770C8 /* AppDelegate.h */ = {isa = PBXFileReference; lastKnownFileType = sourcecode.c.h; path = AppDelegate.h; sourceTree = "<group>"; };
		9196464A1CE4B8EC00E770C8 /* AppDelegate.m */ = {isa = PBXFileReference; lastKnownFileType = sourcecode.c.objc; path = AppDelegate.m; sourceTree = "<group>"; };
		919646521CE4B8EC00E770C8 /* Assets.xcassets */ = {isa = PBXFileReference; lastKnownFileType = folder.assetcatalog; path = Assets.xcassets; sourceTree = "<group>"; };
		919646551CE4B8EC00E770C8 /* Base */ = {isa = PBXFileReference; lastKnownFileType = file.storyboard; name = Base; path = Base.lproj/LaunchScreen.storyboard; sourceTree = "<group>"; };
		919646571CE4B8EC00E770C8 /* Info.plist */ = {isa = PBXFileReference; lastKnownFileType = text.plist.xml; path = Info.plist; sourceTree = "<group>"; };
		9196465C1CE4B8EC00E770C8 /* ZFFlowLayoutTests.xctest */ = {isa = PBXFileReference; explicitFileType = wrapper.cfbundle; includeInIndex = 0; path = ZFFlowLayoutTests.xctest; sourceTree = BUILT_PRODUCTS_DIR; };
		919646601CE4B8EC00E770C8 /* ZFFlowLayoutTests.m */ = {isa = PBXFileReference; lastKnownFileType = sourcecode.c.objc; path = ZFFlowLayoutTests.m; sourceTree = "<group>"; };
		919646621CE4B8EC00E770C8 /* Info.plist */ = {isa = PBXFileReference; lastKnownFileType = text.plist.xml; path = Info.plist; sourceTree = "<group>"; };
		DC2606931ED0A1A100451E75 /* ZFFlowLayoutVC.h */ = {isa = PBXFileReference; fileEncoding = 4; lastKnownFileType = sourcecode.c.h; path = ZFFlowLayoutVC.h; sourceTree = "<group>"; };
		DC2606941ED0A1A100451E75 /* ZFFlowLayoutVC.m */ = {isa = PBXFileReference; fileEncoding = 4; lastKnownFileType = sourcecode.c.objc; path = ZFFlowLayoutVC.m; sourceTree = "<group>"; };
		DC66A3441ECC9046009669DB /* MainViewController.h */ = {isa = PBXFileReference; fileEncoding = 4; lastKnownFileType = sourcecode.c.h; path = MainViewController.h; sourceTree = "<group>"; };
		DC66A3451ECC9046009669DB /* MainViewController.m */ = {isa = PBXFileReference; fileEncoding = 4; lastKnownFileType = sourcecode.c.objc; path = MainViewController.m; sourceTree = "<group>"; };
		DC66A3461ECC9046009669DB /* MainViewController.xib */ = {isa = PBXFileReference; fileEncoding = 4; lastKnownFileType = file.xib; path = MainViewController.xib; sourceTree = "<group>"; };
/* End PBXFileReference section */

/* Begin PBXFrameworksBuildPhase section */
		919646401CE4B8EC00E770C8 /* Frameworks */ = {
			isa = PBXFrameworksBuildPhase;
			buildActionMask = 2147483647;
			files = (
				6D5FC14E93201FFC6B91D0B3 /* libPods-ZFFlowLayout.a in Frameworks */,
			);
			runOnlyForDeploymentPostprocessing = 0;
		};
		919646591CE4B8EC00E770C8 /* Frameworks */ = {
			isa = PBXFrameworksBuildPhase;
			buildActionMask = 2147483647;
			files = (
			);
			runOnlyForDeploymentPostprocessing = 0;
		};
/* End PBXFrameworksBuildPhase section */

/* Begin PBXGroup section */
		7143AAA14C0645EFD7F1B9F6 /* Pods */ = {
			isa = PBXGroup;
			children = (
				2EA7802F04522083DF0ECA45 /* Pods-ZFFlowLayout.debug.xcconfig */,
				4B75E28175CA473D9B875D19 /* Pods-ZFFlowLayout.release.xcconfig */,
			);
			name = Pods;
			sourceTree = "<group>";
		};
		9119B4F61ED3121300604082 /* Src */ = {
			isa = PBXGroup;
			children = (
				9119B50C1ED3127500604082 /* ZFFlowLayout.h */,
				9119B50D1ED3127500604082 /* ZFFlowLayout.m */,
				9119B4F71ED3121300604082 /* Common */,
				9119B4FE1ED3121300604082 /* LeftAlignedFlowLayout */,
				9119B5011ED3121300604082 /* Model */,
				9119B5041ED3121300604082 /* RightAlignedFlowLayout */,
			);
			path = Src;
			sourceTree = "<group>";
		};
		9119B4F71ED3121300604082 /* Common */ = {
			isa = PBXGroup;
			children = (
				9119B4F81ED3121300604082 /* LayoutAttributeTools.h */,
				9119B4F91ED3121300604082 /* LayoutAttributeTools.m */,
				9119B4FC1ED3121300604082 /* ZFFlowLayoutMacro.h */,
				9119B4FD1ED3121300604082 /* ZFFlowLayoutProtocol.h */,
			);
			path = Common;
			sourceTree = "<group>";
		};
		9119B4FE1ED3121300604082 /* LeftAlignedFlowLayout */ = {
			isa = PBXGroup;
			children = (
				9119B4FF1ED3121300604082 /* LeftAlignedFlowLayout.h */,
				9119B5001ED3121300604082 /* LeftAlignedFlowLayout.m */,
			);
			path = LeftAlignedFlowLayout;
			sourceTree = "<group>";
		};
		9119B5011ED3121300604082 /* Model */ = {
			isa = PBXGroup;
			children = (
				9119B5021ED3121300604082 /* Attribute.h */,
				9119B5031ED3121300604082 /* Attribute.m */,
			);
			path = Model;
			sourceTree = "<group>";
		};
		9119B5041ED3121300604082 /* RightAlignedFlowLayout */ = {
			isa = PBXGroup;
			children = (
				9119B5051ED3121300604082 /* RightAlignedFlowLayout.h */,
				9119B5061ED3121300604082 /* RightAlignedFlowLayout.m */,
			);
			path = RightAlignedFlowLayout;
			sourceTree = "<group>";
		};
		9196463A1CE4B8EC00E770C8 = {
			isa = PBXGroup;
			children = (
				919646451CE4B8EC00E770C8 /* ZFFlowLayout */,
				9196465F1CE4B8EC00E770C8 /* ZFFlowLayoutTests */,
				919646441CE4B8EC00E770C8 /* Products */,
				7143AAA14C0645EFD7F1B9F6 /* Pods */,
				F92953D51B0C1AABC61E924E /* Frameworks */,
			);
			sourceTree = "<group>";
		};
		919646441CE4B8EC00E770C8 /* Products */ = {
			isa = PBXGroup;
			children = (
				919646431CE4B8EC00E770C8 /* ZFFlowLayout.app */,
				9196465C1CE4B8EC00E770C8 /* ZFFlowLayoutTests.xctest */,
			);
			name = Products;
			sourceTree = "<group>";
		};
		919646451CE4B8EC00E770C8 /* ZFFlowLayout */ = {
			isa = PBXGroup;
			children = (
				9119B4F61ED3121300604082 /* Src */,
				919646491CE4B8EC00E770C8 /* AppDelegate.h */,
				9196464A1CE4B8EC00E770C8 /* AppDelegate.m */,
				DC2606931ED0A1A100451E75 /* ZFFlowLayoutVC.h */,
				DC2606941ED0A1A100451E75 /* ZFFlowLayoutVC.m */,
				DC66A3441ECC9046009669DB /* MainViewController.h */,
				DC66A3451ECC9046009669DB /* MainViewController.m */,
				DC66A3461ECC9046009669DB /* MainViewController.xib */,
				919646521CE4B8EC00E770C8 /* Assets.xcassets */,
				919646541CE4B8EC00E770C8 /* LaunchScreen.storyboard */,
				919646571CE4B8EC00E770C8 /* Info.plist */,
				919646461CE4B8EC00E770C8 /* Supporting Files */,
			);
			path = ZFFlowLayout;
			sourceTree = "<group>";
		};
		919646461CE4B8EC00E770C8 /* Supporting Files */ = {
			isa = PBXGroup;
			children = (
				919646471CE4B8EC00E770C8 /* main.m */,
			);
			name = "Supporting Files";
			sourceTree = "<group>";
		};
		9196465F1CE4B8EC00E770C8 /* ZFFlowLayoutTests */ = {
			isa = PBXGroup;
			children = (
				919646601CE4B8EC00E770C8 /* ZFFlowLayoutTests.m */,
				919646621CE4B8EC00E770C8 /* Info.plist */,
			);
			path = ZFFlowLayoutTests;
			sourceTree = "<group>";
		};
		F92953D51B0C1AABC61E924E /* Frameworks */ = {
			isa = PBXGroup;
			children = (
				0451120660EB054CE8EB32B9 /* libPods-ZFFlowLayout.a */,
			);
			name = Frameworks;
			sourceTree = "<group>";
		};
/* End PBXGroup section */

/* Begin PBXNativeTarget section */
		919646421CE4B8EC00E770C8 /* ZFFlowLayout */ = {
			isa = PBXNativeTarget;
			buildConfigurationList = 919646651CE4B8EC00E770C8 /* Build configuration list for PBXNativeTarget "ZFFlowLayout" */;
			buildPhases = (
				323BEB48D8F42C98594C6333 /* [CP] Check Pods Manifest.lock */,
				9196463F1CE4B8EC00E770C8 /* Sources */,
				919646401CE4B8EC00E770C8 /* Frameworks */,
				919646411CE4B8EC00E770C8 /* Resources */,
				4A8DBF88D34F68066623DD28 /* [CP] Embed Pods Frameworks */,
				9761074A9A02000595A0C1FF /* [CP] Copy Pods Resources */,
			);
			buildRules = (
			);
			dependencies = (
			);
			name = ZFFlowLayout;
			productName = ZFFlowLayout;
			productReference = 919646431CE4B8EC00E770C8 /* ZFFlowLayout.app */;
			productType = "com.apple.product-type.application";
		};
		9196465B1CE4B8EC00E770C8 /* ZFFlowLayoutTests */ = {
			isa = PBXNativeTarget;
			buildConfigurationList = 919646681CE4B8EC00E770C8 /* Build configuration list for PBXNativeTarget "ZFFlowLayoutTests" */;
			buildPhases = (
				919646581CE4B8EC00E770C8 /* Sources */,
				919646591CE4B8EC00E770C8 /* Frameworks */,
				9196465A1CE4B8EC00E770C8 /* Resources */,
			);
			buildRules = (
			);
			dependencies = (
				9196465E1CE4B8EC00E770C8 /* PBXTargetDependency */,
			);
			name = ZFFlowLayoutTests;
			productName = ZFFlowLayoutTests;
			productReference = 9196465C1CE4B8EC00E770C8 /* ZFFlowLayoutTests.xctest */;
			productType = "com.apple.product-type.bundle.unit-test";
		};
/* End PBXNativeTarget section */

/* Begin PBXProject section */
		9196463B1CE4B8EC00E770C8 /* Project object */ = {
			isa = PBXProject;
			attributes = {
				LastUpgradeCheck = 0730;
				ORGANIZATIONNAME = zhoufei;
				TargetAttributes = {
					919646421CE4B8EC00E770C8 = {
						CreatedOnToolsVersion = 7.3;
						DevelopmentTeam = SVKNFBR4AF;
						ProvisioningStyle = Manual;
					};
					9196465B1CE4B8EC00E770C8 = {
						CreatedOnToolsVersion = 7.3;
						DevelopmentTeam = C7UNH8293N;
						TestTargetID = 919646421CE4B8EC00E770C8;
					};
				};
			};
			buildConfigurationList = 9196463E1CE4B8EC00E770C8 /* Build configuration list for PBXProject "ZFFlowLayout" */;
			compatibilityVersion = "Xcode 3.2";
			developmentRegion = English;
			hasScannedForEncodings = 0;
			knownRegions = (
				en,
				Base,
			);
			mainGroup = 9196463A1CE4B8EC00E770C8;
			productRefGroup = 919646441CE4B8EC00E770C8 /* Products */;
			projectDirPath = "";
			projectRoot = "";
			targets = (
				919646421CE4B8EC00E770C8 /* ZFFlowLayout */,
				9196465B1CE4B8EC00E770C8 /* ZFFlowLayoutTests */,
			);
		};
/* End PBXProject section */

/* Begin PBXResourcesBuildPhase section */
		919646411CE4B8EC00E770C8 /* Resources */ = {
			isa = PBXResourcesBuildPhase;
			buildActionMask = 2147483647;
			files = (
				919646561CE4B8EC00E770C8 /* LaunchScreen.storyboard in Resources */,
				DC66A3481ECC9046009669DB /* MainViewController.xib in Resources */,
				919646531CE4B8EC00E770C8 /* Assets.xcassets in Resources */,
			);
			runOnlyForDeploymentPostprocessing = 0;
		};
		9196465A1CE4B8EC00E770C8 /* Resources */ = {
			isa = PBXResourcesBuildPhase;
			buildActionMask = 2147483647;
			files = (
			);
			runOnlyForDeploymentPostprocessing = 0;
		};
/* End PBXResourcesBuildPhase section */

/* Begin PBXShellScriptBuildPhase section */
		323BEB48D8F42C98594C6333 /* [CP] Check Pods Manifest.lock */ = {
			isa = PBXShellScriptBuildPhase;
			buildActionMask = 2147483647;
			files = (
			);
			inputPaths = (
			);
			name = "[CP] Check Pods Manifest.lock";
			outputPaths = (
			);
			runOnlyForDeploymentPostprocessing = 0;
			shellPath = /bin/sh;
			shellScript = "diff \"${PODS_ROOT}/../Podfile.lock\" \"${PODS_ROOT}/Manifest.lock\" > /dev/null\nif [ $? != 0 ] ; then\n    # print error to STDERR\n    echo \"error: The sandbox is not in sync with the Podfile.lock. Run 'pod install' or update your CocoaPods installation.\" >&2\n    exit 1\nfi\n";
			showEnvVarsInLog = 0;
		};
		4A8DBF88D34F68066623DD28 /* [CP] Embed Pods Frameworks */ = {
			isa = PBXShellScriptBuildPhase;
			buildActionMask = 2147483647;
			files = (
			);
			inputPaths = (
			);
			name = "[CP] Embed Pods Frameworks";
			outputPaths = (
			);
			runOnlyForDeploymentPostprocessing = 0;
			shellPath = /bin/sh;
			shellScript = "\"${SRCROOT}/Pods/Target Support Files/Pods-ZFFlowLayout/Pods-ZFFlowLayout-frameworks.sh\"\n";
			showEnvVarsInLog = 0;
		};
		9761074A9A02000595A0C1FF /* [CP] Copy Pods Resources */ = {
			isa = PBXShellScriptBuildPhase;
			buildActionMask = 2147483647;
			files = (
			);
			inputPaths = (
			);
			name = "[CP] Copy Pods Resources";
			outputPaths = (
			);
			runOnlyForDeploymentPostprocessing = 0;
			shellPath = /bin/sh;
			shellScript = "\"${SRCROOT}/Pods/Target Support Files/Pods-ZFFlowLayout/Pods-ZFFlowLayout-resources.sh\"\n";
			showEnvVarsInLog = 0;
		};
/* End PBXShellScriptBuildPhase section */

/* Begin PBXSourcesBuildPhase section */
		9196463F1CE4B8EC00E770C8 /* Sources */ = {
			isa = PBXSourcesBuildPhase;
			buildActionMask = 2147483647;
			files = (
				9119B5071ED3121300604082 /* LayoutAttributeTools.m in Sources */,
				9196464B1CE4B8EC00E770C8 /* AppDelegate.m in Sources */,
				9119B50A1ED3121300604082 /* Attribute.m in Sources */,
				919646481CE4B8EC00E770C8 /* main.m in Sources */,
				9119B50B1ED3121300604082 /* RightAlignedFlowLayout.m in Sources */,
				9119B50E1ED3127500604082 /* ZFFlowLayout.m in Sources */,
				DC2606951ED0A1A100451E75 /* ZFFlowLayoutVC.m in Sources */,
				9119B5091ED3121300604082 /* LeftAlignedFlowLayout.m in Sources */,
				DC66A3471ECC9046009669DB /* MainViewController.m in Sources */,
			);
			runOnlyForDeploymentPostprocessing = 0;
		};
		919646581CE4B8EC00E770C8 /* Sources */ = {
			isa = PBXSourcesBuildPhase;
			buildActionMask = 2147483647;
			files = (
				919646611CE4B8EC00E770C8 /* ZFFlowLayoutTests.m in Sources */,
			);
			runOnlyForDeploymentPostprocessing = 0;
		};
/* End PBXSourcesBuildPhase section */

/* Begin PBXTargetDependency section */
		9196465E1CE4B8EC00E770C8 /* PBXTargetDependency */ = {
			isa = PBXTargetDependency;
			target = 919646421CE4B8EC00E770C8 /* ZFFlowLayout */;
			targetProxy = 9196465D1CE4B8EC00E770C8 /* PBXContainerItemProxy */;
		};
/* End PBXTargetDependency section */

/* Begin PBXVariantGroup section */
		919646541CE4B8EC00E770C8 /* LaunchScreen.storyboard */ = {
			isa = PBXVariantGroup;
			children = (
				919646551CE4B8EC00E770C8 /* Base */,
			);
			name = LaunchScreen.storyboard;
			sourceTree = "<group>";
		};
/* End PBXVariantGroup section */

/* Begin XCBuildConfiguration section */
		919646631CE4B8EC00E770C8 /* Debug */ = {
			isa = XCBuildConfiguration;
			buildSettings = {
				ALWAYS_SEARCH_USER_PATHS = NO;
				CLANG_ANALYZER_NONNULL = YES;
				CLANG_CXX_LANGUAGE_STANDARD = "gnu++0x";
				CLANG_CXX_LIBRARY = "libc++";
				CLANG_ENABLE_MODULES = YES;
				CLANG_ENABLE_OBJC_ARC = YES;
				CLANG_WARN_BOOL_CONVERSION = YES;
				CLANG_WARN_CONSTANT_CONVERSION = YES;
				CLANG_WARN_DIRECT_OBJC_ISA_USAGE = YES_ERROR;
				CLANG_WARN_EMPTY_BODY = YES;
				CLANG_WARN_ENUM_CONVERSION = YES;
				CLANG_WARN_INT_CONVERSION = YES;
				CLANG_WARN_OBJC_ROOT_CLASS = YES_ERROR;
				CLANG_WARN_UNREACHABLE_CODE = YES;
				CLANG_WARN__DUPLICATE_METHOD_MATCH = YES;
				"CODE_SIGN_IDENTITY[sdk=iphoneos*]" = "iPhone Developer";
				COPY_PHASE_STRIP = NO;
				DEBUG_INFORMATION_FORMAT = dwarf;
				ENABLE_STRICT_OBJC_MSGSEND = YES;
				ENABLE_TESTABILITY = YES;
				GCC_C_LANGUAGE_STANDARD = gnu99;
				GCC_DYNAMIC_NO_PIC = NO;
				GCC_NO_COMMON_BLOCKS = YES;
				GCC_OPTIMIZATION_LEVEL = 0;
				GCC_PREPROCESSOR_DEFINITIONS = (
					"DEBUG=1",
					"$(inherited)",
				);
				GCC_WARN_64_TO_32_BIT_CONVERSION = YES;
				GCC_WARN_ABOUT_RETURN_TYPE = YES_ERROR;
				GCC_WARN_UNDECLARED_SELECTOR = YES;
				GCC_WARN_UNINITIALIZED_AUTOS = YES_AGGRESSIVE;
				GCC_WARN_UNUSED_FUNCTION = YES;
				GCC_WARN_UNUSED_VARIABLE = YES;
				IPHONEOS_DEPLOYMENT_TARGET = 9.3;
				MTL_ENABLE_DEBUG_INFO = YES;
				ONLY_ACTIVE_ARCH = YES;
				SDKROOT = iphoneos;
			};
			name = Debug;
		};
		919646641CE4B8EC00E770C8 /* Release */ = {
			isa = XCBuildConfiguration;
			buildSettings = {
				ALWAYS_SEARCH_USER_PATHS = NO;
				CLANG_ANALYZER_NONNULL = YES;
				CLANG_CXX_LANGUAGE_STANDARD = "gnu++0x";
				CLANG_CXX_LIBRARY = "libc++";
				CLANG_ENABLE_MODULES = YES;
				CLANG_ENABLE_OBJC_ARC = YES;
				CLANG_WARN_BOOL_CONVERSION = YES;
				CLANG_WARN_CONSTANT_CONVERSION = YES;
				CLANG_WARN_DIRECT_OBJC_ISA_USAGE = YES_ERROR;
				CLANG_WARN_EMPTY_BODY = YES;
				CLANG_WARN_ENUM_CONVERSION = YES;
				CLANG_WARN_INT_CONVERSION = YES;
				CLANG_WARN_OBJC_ROOT_CLASS = YES_ERROR;
				CLANG_WARN_UNREACHABLE_CODE = YES;
				CLANG_WARN__DUPLICATE_METHOD_MATCH = YES;
				"CODE_SIGN_IDENTITY[sdk=iphoneos*]" = "iPhone Developer";
				COPY_PHASE_STRIP = NO;
				DEBUG_INFORMATION_FORMAT = "dwarf-with-dsym";
				ENABLE_NS_ASSERTIONS = NO;
				ENABLE_STRICT_OBJC_MSGSEND = YES;
				GCC_C_LANGUAGE_STANDARD = gnu99;
				GCC_NO_COMMON_BLOCKS = YES;
				GCC_WARN_64_TO_32_BIT_CONVERSION = YES;
				GCC_WARN_ABOUT_RETURN_TYPE = YES_ERROR;
				GCC_WARN_UNDECLARED_SELECTOR = YES;
				GCC_WARN_UNINITIALIZED_AUTOS = YES_AGGRESSIVE;
				GCC_WARN_UNUSED_FUNCTION = YES;
				GCC_WARN_UNUSED_VARIABLE = YES;
				IPHONEOS_DEPLOYMENT_TARGET = 9.3;
				MTL_ENABLE_DEBUG_INFO = NO;
				SDKROOT = iphoneos;
				VALIDATE_PRODUCT = YES;
			};
			name = Release;
		};
		919646661CE4B8EC00E770C8 /* Debug */ = {
			isa = XCBuildConfiguration;
			baseConfigurationReference = 2EA7802F04522083DF0ECA45 /* Pods-ZFFlowLayout.debug.xcconfig */;
			buildSettings = {
				ASSETCATALOG_COMPILER_APPICON_NAME = AppIcon;
				DEVELOPMENT_TEAM = SVKNFBR4AF;
				INFOPLIST_FILE = ZFFlowLayout/Info.plist;
				LD_RUNPATH_SEARCH_PATHS = "$(inherited) @executable_path/Frameworks";
				PRODUCT_BUNDLE_IDENTIFIER = com.xkc.ZFFlowLayout;
				PRODUCT_NAME = "$(TARGET_NAME)";
				PROVISIONING_PROFILE = "d8066971-f948-4c1c-afe2-9dc29c2d3c53";
				PROVISIONING_PROFILE_SPECIFIER = WildcardProfile;
			};
			name = Debug;
		};
		919646671CE4B8EC00E770C8 /* Release */ = {
			isa = XCBuildConfiguration;
			baseConfigurationReference = 4B75E28175CA473D9B875D19 /* Pods-ZFFlowLayout.release.xcconfig */;
			buildSettings = {
				ASSETCATALOG_COMPILER_APPICON_NAME = AppIcon;
				DEVELOPMENT_TEAM = SVKNFBR4AF;
				INFOPLIST_FILE = ZFFlowLayout/Info.plist;
				LD_RUNPATH_SEARCH_PATHS = "$(inherited) @executable_path/Frameworks";
				PRODUCT_BUNDLE_IDENTIFIER = com.xkc.ZFFlowLayout;
				PRODUCT_NAME = "$(TARGET_NAME)";
				PROVISIONING_PROFILE = "d8066971-f948-4c1c-afe2-9dc29c2d3c53";
				PROVISIONING_PROFILE_SPECIFIER = WildcardProfile;
			};
			name = Release;
		};
		919646691CE4B8EC00E770C8 /* Debug */ = {
			isa = XCBuildConfiguration;
			buildSettings = {
				BUNDLE_LOADER = "$(TEST_HOST)";
				INFOPLIST_FILE = ZFFlowLayoutTests/Info.plist;
				LD_RUNPATH_SEARCH_PATHS = "$(inherited) @executable_path/Frameworks @loader_path/Frameworks";
				PRODUCT_BUNDLE_IDENTIFIER = com.xkc.ZFFlowLayoutTests;
				PRODUCT_NAME = "$(TARGET_NAME)";
				TEST_HOST = "$(BUILT_PRODUCTS_DIR)/ZFFlowLayout.app/ZFFlowLayout";
			};
			name = Debug;
		};
		9196466A1CE4B8EC00E770C8 /* Release */ = {
			isa = XCBuildConfiguration;
			buildSettings = {
				BUNDLE_LOADER = "$(TEST_HOST)";
				INFOPLIST_FILE = ZFFlowLayoutTests/Info.plist;
				LD_RUNPATH_SEARCH_PATHS = "$(inherited) @executable_path/Frameworks @loader_path/Frameworks";
				PRODUCT_BUNDLE_IDENTIFIER = com.xkc.ZFFlowLayoutTests;
				PRODUCT_NAME = "$(TARGET_NAME)";
				TEST_HOST = "$(BUILT_PRODUCTS_DIR)/ZFFlowLayout.app/ZFFlowLayout";
			};
			name = Release;
		};
/* End XCBuildConfiguration section */

/* Begin XCConfigurationList section */
		9196463E1CE4B8EC00E770C8 /* Build configuration list for PBXProject "ZFFlowLayout" */ = {
			isa = XCConfigurationList;
			buildConfigurations = (
				919646631CE4B8EC00E770C8 /* Debug */,
				919646641CE4B8EC00E770C8 /* Release */,
			);
			defaultConfigurationIsVisible = 0;
			defaultConfigurationName = Release;
		};
		919646651CE4B8EC00E770C8 /* Build configuration list for PBXNativeTarget "ZFFlowLayout" */ = {
			isa = XCConfigurationList;
			buildConfigurations = (
				919646661CE4B8EC00E770C8 /* Debug */,
				919646671CE4B8EC00E770C8 /* Release */,
			);
			defaultConfigurationIsVisible = 0;
			defaultConfigurationName = Release;
		};
		919646681CE4B8EC00E770C8 /* Build configuration list for PBXNativeTarget "ZFFlowLayoutTests" */ = {
			isa = XCConfigurationList;
			buildConfigurations = (
				919646691CE4B8EC00E770C8 /* Debug */,
				9196466A1CE4B8EC00E770C8 /* Release */,
			);
			defaultConfigurationIsVisible = 0;
			defaultConfigurationName = Release;
		};
/* End XCConfigurationList section */
	};
	rootObject = 9196463B1CE4B8EC00E770C8 /* Project object */;
}
